// !$*UTF8*$!
{
	archiveVersion = 1;
	classes = {
	};
	objectVersion = 50;
	objects = {

/* Begin PBXBuildFile section */
		9367CFD12092FCF600E9A359 /* Alert.swift in Sources */ = {isa = PBXBuildFile; fileRef = 9367CFD02092FCF600E9A359 /* Alert.swift */; };
		9387B7182090BBFC007B9E0D /* AppDelegate.swift in Sources */ = {isa = PBXBuildFile; fileRef = 9387B7172090BBFC007B9E0D /* AppDelegate.swift */; };
		9387B71A2090BBFC007B9E0D /* ViewController.swift in Sources */ = {isa = PBXBuildFile; fileRef = 9387B7192090BBFC007B9E0D /* ViewController.swift */; };
		9387B71D2090BBFC007B9E0D /* Main.storyboard in Resources */ = {isa = PBXBuildFile; fileRef = 9387B71B2090BBFC007B9E0D /* Main.storyboard */; };
		9387B71F2090BBFD007B9E0D /* Assets.xcassets in Resources */ = {isa = PBXBuildFile; fileRef = 9387B71E2090BBFD007B9E0D /* Assets.xcassets */; };
		9387B7222090BBFD007B9E0D /* LaunchScreen.storyboard in Resources */ = {isa = PBXBuildFile; fileRef = 9387B7202090BBFD007B9E0D /* LaunchScreen.storyboard */; };
		9387B72D2090CF66007B9E0D /* Password generator.swift in Sources */ = {isa = PBXBuildFile; fileRef = 9387B72C2090CF66007B9E0D /* Password generator.swift */; };
		93CCDAAB209355B600B8876B /* Constants.swift in Sources */ = {isa = PBXBuildFile; fileRef = 93CCDAAA209355B600B8876B /* Constants.swift */; };
		93E3A6602091A87F00C4E6E7 /* PressStart2P.ttf in Resources */ = {isa = PBXBuildFile; fileRef = 93E3A65F2091A87F00C4E6E7 /* PressStart2P.ttf */; };
		CE0611D62450A99200D92C1D /* BruteForceOperation.swift in Sources */ = {isa = PBXBuildFile; fileRef = CE0611D52450A99200D92C1D /* BruteForceOperation.swift */; };
/* End PBXBuildFile section */

/* Begin PBXFileReference section */
		9367CFD02092FCF600E9A359 /* Alert.swift */ = {isa = PBXFileReference; fileEncoding = 4; lastKnownFileType = sourcecode.swift; path = Alert.swift; sourceTree = "<group>"; };
		9387B7142090BBFC007B9E0D /* Week3TestWork.app */ = {isa = PBXFileReference; explicitFileType = wrapper.application; includeInIndex = 0; path = Week3TestWork.app; sourceTree = BUILT_PRODUCTS_DIR; };
		9387B7172090BBFC007B9E0D /* AppDelegate.swift */ = {isa = PBXFileReference; lastKnownFileType = sourcecode.swift; path = AppDelegate.swift; sourceTree = "<group>"; };
		9387B7192090BBFC007B9E0D /* ViewController.swift */ = {isa = PBXFileReference; lastKnownFileType = sourcecode.swift; path = ViewController.swift; sourceTree = "<group>"; };
		9387B71C2090BBFC007B9E0D /* Base */ = {isa = PBXFileReference; lastKnownFileType = file.storyboard; name = Base; path = Base.lproj/Main.storyboard; sourceTree = "<group>"; };
		9387B71E2090BBFD007B9E0D /* Assets.xcassets */ = {isa = PBXFileReference; lastKnownFileType = folder.assetcatalog; path = Assets.xcassets; sourceTree = "<group>"; };
		9387B7212090BBFD007B9E0D /* Base */ = {isa = PBXFileReference; lastKnownFileType = file.storyboard; name = Base; path = Base.lproj/LaunchScreen.storyboard; sourceTree = "<group>"; };
		9387B7232090BBFD007B9E0D /* Info.plist */ = {isa = PBXFileReference; lastKnownFileType = text.plist.xml; path = Info.plist; sourceTree = "<group>"; };
		9387B72C2090CF66007B9E0D /* Password generator.swift */ = {isa = PBXFileReference; lastKnownFileType = sourcecode.swift; path = "Password generator.swift"; sourceTree = "<group>"; };
		93CCDAAA209355B600B8876B /* Constants.swift */ = {isa = PBXFileReference; lastKnownFileType = sourcecode.swift; path = Constants.swift; sourceTree = "<group>"; };
		93E3A65F2091A87F00C4E6E7 /* PressStart2P.ttf */ = {isa = PBXFileReference; lastKnownFileType = file; path = PressStart2P.ttf; sourceTree = "<group>"; };
		CE0611D52450A99200D92C1D /* BruteForceOperation.swift */ = {isa = PBXFileReference; lastKnownFileType = sourcecode.swift; path = BruteForceOperation.swift; sourceTree = "<group>"; };
/* End PBXFileReference section */

/* Begin PBXFrameworksBuildPhase section */
		9387B7112090BBFC007B9E0D /* Frameworks */ = {
			isa = PBXFrameworksBuildPhase;
			buildActionMask = 2147483647;
			files = (
			);
			runOnlyForDeploymentPostprocessing = 0;
		};
/* End PBXFrameworksBuildPhase section */

/* Begin PBXGroup section */
		9387B70B2090BBFC007B9E0D = {
			isa = PBXGroup;
			children = (
				9387B7162090BBFC007B9E0D /* Week3TestWork */,
				9387B7152090BBFC007B9E0D /* Products */,
			);
			sourceTree = "<group>";
		};
		9387B7152090BBFC007B9E0D /* Products */ = {
			isa = PBXGroup;
			children = (
				9387B7142090BBFC007B9E0D /* Week3TestWork.app */,
			);
			name = Products;
			sourceTree = "<group>";
		};
		9387B7162090BBFC007B9E0D /* Week3TestWork */ = {
			isa = PBXGroup;
			children = (
				9387B72B2090CCD6007B9E0D /* Supporting files */,
				9387B72A2090CCCC007B9E0D /* Resources */,
				9387B7292090CCC6007B9E0D /* Code */,
			);
			path = Week3TestWork;
			sourceTree = "<group>";
		};
		9387B7292090CCC6007B9E0D /* Code */ = {
			isa = PBXGroup;
			children = (
				9387B7172090BBFC007B9E0D /* AppDelegate.swift */,
				9387B7192090BBFC007B9E0D /* ViewController.swift */,
				93CCDAAA209355B600B8876B /* Constants.swift */,
				CE0611D52450A99200D92C1D /* BruteForceOperation.swift */,
				9387B71B2090BBFC007B9E0D /* Main.storyboard */,
				9387B72C2090CF66007B9E0D /* Password generator.swift */,
				9367CFD02092FCF600E9A359 /* Alert.swift */,
			);
			path = Code;
			sourceTree = "<group>";
		};
		9387B72A2090CCCC007B9E0D /* Resources */ = {
			isa = PBXGroup;
			children = (
				93E3A65F2091A87F00C4E6E7 /* PressStart2P.ttf */,
				9387B71E2090BBFD007B9E0D /* Assets.xcassets */,
			);
			path = Resources;
			sourceTree = "<group>";
		};
		9387B72B2090CCD6007B9E0D /* Supporting files */ = {
			isa = PBXGroup;
			children = (
				9387B7202090BBFD007B9E0D /* LaunchScreen.storyboard */,
				9387B7232090BBFD007B9E0D /* Info.plist */,
			);
			path = "Supporting files";
			sourceTree = "<group>";
		};
/* End PBXGroup section */

/* Begin PBXNativeTarget section */
		9387B7132090BBFC007B9E0D /* Week3TestWork */ = {
			isa = PBXNativeTarget;
			buildConfigurationList = 9387B7262090BBFD007B9E0D /* Build configuration list for PBXNativeTarget "Week3TestWork" */;
			buildPhases = (
				9387B7102090BBFC007B9E0D /* Sources */,
				749E1ED420A04A45002CA018 /* Lint */,
				9387B7112090BBFC007B9E0D /* Frameworks */,
				9387B7122090BBFC007B9E0D /* Resources */,
			);
			buildRules = (
			);
			dependencies = (
			);
			name = Week3TestWork;
			productName = Week3TestWork;
			productReference = 9387B7142090BBFC007B9E0D /* Week3TestWork.app */;
			productType = "com.apple.product-type.application";
		};
/* End PBXNativeTarget section */

/* Begin PBXProject section */
		9387B70C2090BBFC007B9E0D /* Project object */ = {
			isa = PBXProject;
			attributes = {
				LastSwiftUpdateCheck = 0930;
				LastUpgradeCheck = 0930;
				ORGANIZATIONNAME = "E-legion";
				TargetAttributes = {
					9387B7132090BBFC007B9E0D = {
						CreatedOnToolsVersion = 9.3;
						LastSwiftMigration = 1100;
					};
				};
			};
			buildConfigurationList = 9387B70F2090BBFC007B9E0D /* Build configuration list for PBXProject "Week3TestWork" */;
			compatibilityVersion = "Xcode 9.3";
			developmentRegion = en;
			hasScannedForEncodings = 0;
			knownRegions = (
				en,
				Base,
			);
			mainGroup = 9387B70B2090BBFC007B9E0D;
			productRefGroup = 9387B7152090BBFC007B9E0D /* Products */;
			projectDirPath = "";
			projectRoot = "";
			targets = (
				9387B7132090BBFC007B9E0D /* Week3TestWork */,
			);
		};
/* End PBXProject section */

/* Begin PBXResourcesBuildPhase section */
		9387B7122090BBFC007B9E0D /* Resources */ = {
			isa = PBXResourcesBuildPhase;
			buildActionMask = 2147483647;
			files = (
				9387B7222090BBFD007B9E0D /* LaunchScreen.storyboard in Resources */,
				93E3A6602091A87F00C4E6E7 /* PressStart2P.ttf in Resources */,
				9387B71F2090BBFD007B9E0D /* Assets.xcassets in Resources */,
				9387B71D2090BBFC007B9E0D /* Main.storyboard in Resources */,
			);
			runOnlyForDeploymentPostprocessing = 0;
		};
/* End PBXResourcesBuildPhase section */

/* Begin PBXShellScriptBuildPhase section */
		749E1ED420A04A45002CA018 /* Lint */ = {
			isa = PBXShellScriptBuildPhase;
			buildActionMask = 2147483647;
			files = (
			);
			inputPaths = (
			);
			name = Lint;
			outputPaths = (
			);
			runOnlyForDeploymentPostprocessing = 0;
			shellPath = /bin/sh;
			shellScript = "if which swiftlint >/dev/null; then\nswiftlint --config \"../lintRules.yml\"\nelse\necho \"warning: SwiftLint not installed, download from https://github.com/realm/SwiftLint\"\nfi";
		};
/* End PBXShellScriptBuildPhase section */

/* Begin PBXSourcesBuildPhase section */
		9387B7102090BBFC007B9E0D /* Sources */ = {
			isa = PBXSourcesBuildPhase;
			buildActionMask = 2147483647;
			files = (
				93CCDAAB209355B600B8876B /* Constants.swift in Sources */,
				9387B71A2090BBFC007B9E0D /* ViewController.swift in Sources */,
				9387B7182090BBFC007B9E0D /* AppDelegate.swift in Sources */,
				9367CFD12092FCF600E9A359 /* Alert.swift in Sources */,
				CE0611D62450A99200D92C1D /* BruteForceOperation.swift in Sources */,
				9387B72D2090CF66007B9E0D /* Password generator.swift in Sources */,
			);
			runOnlyForDeploymentPostprocessing = 0;
		};
/* End PBXSourcesBuildPhase section */

/* Begin PBXVariantGroup section */
		9387B71B2090BBFC007B9E0D /* Main.storyboard */ = {
			isa = PBXVariantGroup;
			children = (
				9387B71C2090BBFC007B9E0D /* Base */,
			);
			name = Main.storyboard;
			sourceTree = "<group>";
		};
		9387B7202090BBFD007B9E0D /* LaunchScreen.storyboard */ = {
			isa = PBXVariantGroup;
			children = (
				9387B7212090BBFD007B9E0D /* Base */,
			);
			name = LaunchScreen.storyboard;
			sourceTree = "<group>";
		};
/* End PBXVariantGroup section */

/* Begin XCBuildConfiguration section */
		9387B7242090BBFD007B9E0D /* Debug */ = {
			isa = XCBuildConfiguration;
			buildSettings = {
				ALWAYS_SEARCH_USER_PATHS = NO;
				CLANG_ANALYZER_NONNULL = YES;
				CLANG_ANALYZER_NUMBER_OBJECT_CONVERSION = YES_AGGRESSIVE;
				CLANG_CXX_LANGUAGE_STANDARD = "gnu++14";
				CLANG_CXX_LIBRARY = "libc++";
				CLANG_ENABLE_MODULES = YES;
				CLANG_ENABLE_OBJC_ARC = YES;
				CLANG_ENABLE_OBJC_WEAK = YES;
				CLANG_WARN_BLOCK_CAPTURE_AUTORELEASING = YES;
				CLANG_WARN_BOOL_CONVERSION = YES;
				CLANG_WARN_COMMA = YES;
				CLANG_WARN_CONSTANT_CONVERSION = YES;
				CLANG_WARN_DEPRECATED_OBJC_IMPLEMENTATIONS = YES;
				CLANG_WARN_DIRECT_OBJC_ISA_USAGE = YES_ERROR;
				CLANG_WARN_DOCUMENTATION_COMMENTS = YES;
				CLANG_WARN_EMPTY_BODY = YES;
				CLANG_WARN_ENUM_CONVERSION = YES;
				CLANG_WARN_INFINITE_RECURSION = YES;
				CLANG_WARN_INT_CONVERSION = YES;
				CLANG_WARN_NON_LITERAL_NULL_CONVERSION = YES;
				CLANG_WARN_OBJC_IMPLICIT_RETAIN_SELF = YES;
				CLANG_WARN_OBJC_LITERAL_CONVERSION = YES;
				CLANG_WARN_OBJC_ROOT_CLASS = YES_ERROR;
				CLANG_WARN_RANGE_LOOP_ANALYSIS = YES;
				CLANG_WARN_STRICT_PROTOTYPES = YES;
				CLANG_WARN_SUSPICIOUS_MOVE = YES;
				CLANG_WARN_UNGUARDED_AVAILABILITY = YES_AGGRESSIVE;
				CLANG_WARN_UNREACHABLE_CODE = YES;
				CLANG_WARN__DUPLICATE_METHOD_MATCH = YES;
				CODE_SIGN_IDENTITY = "iPhone Developer";
				COPY_PHASE_STRIP = NO;
				DEBUG_INFORMATION_FORMAT = dwarf;
				ENABLE_STRICT_OBJC_MSGSEND = YES;
				ENABLE_TESTABILITY = YES;
				GCC_C_LANGUAGE_STANDARD = gnu11;
				GCC_DYNAMIC_NO_PIC = NO;
				GCC_NO_COMMON_BLOCKS = YES;
				GCC_OPTIMIZATION_LEVEL = 0;
				GCC_PREPROCESSOR_DEFINITIONS = (
					"DEBUG=1",
					"$(inherited)",
				);
				GCC_WARN_64_TO_32_BIT_CONVERSION = YES;
				GCC_WARN_ABOUT_RETURN_TYPE = YES_ERROR;
				GCC_WARN_UNDECLARED_SELECTOR = YES;
				GCC_WARN_UNINITIALIZED_AUTOS = YES_AGGRESSIVE;
				GCC_WARN_UNUSED_FUNCTION = YES;
				GCC_WARN_UNUSED_VARIABLE = YES;
				IPHONEOS_DEPLOYMENT_TARGET = 11.3;
				MTL_ENABLE_DEBUG_INFO = YES;
				ONLY_ACTIVE_ARCH = YES;
				SDKROOT = iphoneos;
				SWIFT_ACTIVE_COMPILATION_CONDITIONS = DEBUG;
				SWIFT_OPTIMIZATION_LEVEL = "-Onone";
			};
			name = Debug;
		};
		9387B7252090BBFD007B9E0D /* Release */ = {
			isa = XCBuildConfiguration;
			buildSettings = {
				ALWAYS_SEARCH_USER_PATHS = NO;
				CLANG_ANALYZER_NONNULL = YES;
				CLANG_ANALYZER_NUMBER_OBJECT_CONVERSION = YES_AGGRESSIVE;
				CLANG_CXX_LANGUAGE_STANDARD = "gnu++14";
				CLANG_CXX_LIBRARY = "libc++";
				CLANG_ENABLE_MODULES = YES;
				CLANG_ENABLE_OBJC_ARC = YES;
				CLANG_ENABLE_OBJC_WEAK = YES;
				CLANG_WARN_BLOCK_CAPTURE_AUTORELEASING = YES;
				CLANG_WARN_BOOL_CONVERSION = YES;
				CLANG_WARN_COMMA = YES;
				CLANG_WARN_CONSTANT_CONVERSION = YES;
				CLANG_WARN_DEPRECATED_OBJC_IMPLEMENTATIONS = YES;
				CLANG_WARN_DIRECT_OBJC_ISA_USAGE = YES_ERROR;
				CLANG_WARN_DOCUMENTATION_COMMENTS = YES;
				CLANG_WARN_EMPTY_BODY = YES;
				CLANG_WARN_ENUM_CONVERSION = YES;
				CLANG_WARN_INFINITE_RECURSION = YES;
				CLANG_WARN_INT_CONVERSION = YES;
				CLANG_WARN_NON_LITERAL_NULL_CONVERSION = YES;
				CLANG_WARN_OBJC_IMPLICIT_RETAIN_SELF = YES;
				CLANG_WARN_OBJC_LITERAL_CONVERSION = YES;
				CLANG_WARN_OBJC_ROOT_CLASS = YES_ERROR;
				CLANG_WARN_RANGE_LOOP_ANALYSIS = YES;
				CLANG_WARN_STRICT_PROTOTYPES = YES;
				CLANG_WARN_SUSPICIOUS_MOVE = YES;
				CLANG_WARN_UNGUARDED_AVAILABILITY = YES_AGGRESSIVE;
				CLANG_WARN_UNREACHABLE_CODE = YES;
				CLANG_WARN__DUPLICATE_METHOD_MATCH = YES;
				CODE_SIGN_IDENTITY = "iPhone Developer";
				COPY_PHASE_STRIP = NO;
				DEBUG_INFORMATION_FORMAT = "dwarf-with-dsym";
				ENABLE_NS_ASSERTIONS = NO;
				ENABLE_STRICT_OBJC_MSGSEND = YES;
				GCC_C_LANGUAGE_STANDARD = gnu11;
				GCC_NO_COMMON_BLOCKS = YES;
				GCC_WARN_64_TO_32_BIT_CONVERSION = YES;
				GCC_WARN_ABOUT_RETURN_TYPE = YES_ERROR;
				GCC_WARN_UNDECLARED_SELECTOR = YES;
				GCC_WARN_UNINITIALIZED_AUTOS = YES_AGGRESSIVE;
				GCC_WARN_UNUSED_FUNCTION = YES;
				GCC_WARN_UNUSED_VARIABLE = YES;
				IPHONEOS_DEPLOYMENT_TARGET = 11.3;
				MTL_ENABLE_DEBUG_INFO = NO;
				SDKROOT = iphoneos;
				SWIFT_COMPILATION_MODE = wholemodule;
				SWIFT_OPTIMIZATION_LEVEL = "-O";
				VALIDATE_PRODUCT = YES;
			};
			name = Release;
		};
		9387B7272090BBFD007B9E0D /* Debug */ = {
			isa = XCBuildConfiguration;
			buildSettings = {
				ASSETCATALOG_COMPILER_APPICON_NAME = AppIcon;
				CODE_SIGN_STYLE = Automatic;
				DEVELOPMENT_TEAM = "";
				INFOPLIST_FILE = "Week3TestWork/Supporting files/Info.plist";
				LD_RUNPATH_SEARCH_PATHS = (
					"$(inherited)",
					"@executable_path/Frameworks",
				);
				PRODUCT_BUNDLE_IDENTIFIER = "e-legion.Week3TestWork";
				PRODUCT_NAME = "$(TARGET_NAME)";
				SWIFT_VERSION = 5.0;
				TARGETED_DEVICE_FAMILY = "1,2";
			};
			name = Debug;
		};
		9387B7282090BBFD007B9E0D /* Release */ = {
			isa = XCBuildConfiguration;
			buildSettings = {
				ASSETCATALOG_COMPILER_APPICON_NAME = AppIcon;
				CODE_SIGN_STYLE = Automatic;
				DEVELOPMENT_TEAM = "";
				INFOPLIST_FILE = "Week3TestWork/Supporting files/Info.plist";
				LD_RUNPATH_SEARCH_PATHS = (
					"$(inherited)",
					"@executable_path/Frameworks",
				);
				PRODUCT_BUNDLE_IDENTIFIER = "e-legion.Week3TestWork";
				PRODUCT_NAME = "$(TARGET_NAME)";
				SWIFT_VERSION = 5.0;
				TARGETED_DEVICE_FAMILY = "1,2";
			};
			name = Release;
		};
/* End XCBuildConfiguration section */

/* Begin XCConfigurationList section */
		9387B70F2090BBFC007B9E0D /* Build configuration list for PBXProject "Week3TestWork" */ = {
			isa = XCConfigurationList;
			buildConfigurations = (
				9387B7242090BBFD007B9E0D /* Debug */,
				9387B7252090BBFD007B9E0D /* Release */,
			);
			defaultConfigurationIsVisible = 0;
			defaultConfigurationName = Release;
		};
		9387B7262090BBFD007B9E0D /* Build configuration list for PBXNativeTarget "Week3TestWork" */ = {
			isa = XCConfigurationList;
			buildConfigurations = (
				9387B7272090BBFD007B9E0D /* Debug */,
				9387B7282090BBFD007B9E0D /* Release */,
			);
			defaultConfigurationIsVisible = 0;
			defaultConfigurationName = Release;
		};
/* End XCConfigurationList section */
	};
	rootObject = 9387B70C2090BBFC007B9E0D /* Project object */;
}
